
Microsoft Visual Studio Solution File, Format Version 12.00
# Visual Studio Version 16
VisualStudioVersion = 16.0.30717.126
MinimumVisualStudioVersion = 10.0.40219.1
Project("{FAE04EC0-301F-11D3-BF4B-00C04F79EFBC}") = "LeetCode", "LeetCode\LeetCode.csproj", "{F0A42E01-BAAD-46DE-9870-E479D6C8555A}"
EndProject
Global
	GlobalSection(SolutionConfigurationPlatforms) = preSolution
		Debug|Any CPU = Debug|Any CPU
		Release|Any CPU = Release|Any CPU
	EndGlobalSection
	GlobalSection(ProjectConfigurationPlatforms) = postSolution
		{F0A42E01-BAAD-46DE-9870-E479D6C8555A}.Debug|Any CPU.ActiveCfg = Debug|Any CPU
		{F0A42E01-BAAD-46DE-9870-E479D6C8555A}.Debug|Any CPU.Build.0 = Debug|Any CPU
		{F0A42E01-BAAD-46DE-9870-E479D6C8555A}.Release|Any CPU.ActiveCfg = Release|Any CPU
		{F0A42E01-BAAD-46DE-9870-E479D6C8555A}.Release|Any CPU.Build.0 = Release|Any CPU
	EndGlobalSection
	GlobalSection(SolutionProperties) = preSolution
		HideSolutionNode = FALSE
	EndGlobalSection
	GlobalSection(ExtensibilityGlobals) = postSolution
		SolutionGuid = {247E183F-27BF-4CE4-9C17-C1103FD8EDD0}
	EndGlobalSection
EndGlobal
